
Microsoft Visual Studio Solution File, Format Version 12.00
# Visual Studio 15
VisualStudioVersion = 15.0.27130.2003
MinimumVisualStudioVersion = 10.0.40219.1
Project("{8BC9CEB8-8B4A-11D0-8D11-00A0C91BC942}") = "RayTracer", "RayTracer\RayTracer.vcxproj", "{68D11A62-C713-44B1-BE61-B8459C97770B}"
EndProject
Global
	GlobalSection(SolutionConfigurationPlatforms) = preSolution
		Debug|x64 = Debug|x64
		Debug|x86 = Debug|x86
		Release|x64 = Release|x64
		Release|x86 = Release|x86
	EndGlobalSection
	GlobalSection(ProjectConfigurationPlatforms) = postSolution
		{68D11A62-C713-44B1-BE61-B8459C97770B}.Debug|x64.ActiveCfg = Debug|x64
		{68D11A62-C713-44B1-BE61-B8459C97770B}.Debug|x64.Build.0 = Debug|x64
		{68D11A62-C713-44B1-BE61-B8459C97770B}.Debug|x86.ActiveCfg = Debug|Win32
		{68D11A62-C713-44B1-BE61-B8459C97770B}.Debug|x86.Build.0 = Debug|Win32
		{68D11A62-C713-44B1-BE61-B8459C97770B}.Release|x64.ActiveCfg = Release|x64
		{68D11A62-C713-44B1-BE61-B8459C97770B}.Release|x64.Build.0 = Release|x64
		{68D11A62-C713-44B1-BE61-B8459C97770B}.Release|x86.ActiveCfg = Release|Win32
		{68D11A62-C713-44B1-BE61-B8459C97770B}.Release|x86.Build.0 = Release|Win32
	EndGlobalSection
	GlobalSection(SolutionProperties) = preSolution
		HideSolutionNode = FALSE
	EndGlobalSection
	GlobalSection(ExtensibilityGlobals) = postSolution
		SolutionGuid = {26057C45-300D-4A83-9F78-440A6BE7907E}
	EndGlobalSection
EndGlobal
